// !$*UTF8*$!
{
	archiveVersion = 1;
	classes = {
	};
	objectVersion = 56;
	objects = {

/* Begin PBXBuildFile section */
		45CBF3E32A22E29D00ABE97E /* AppDelegate.swift in Sources */ = {isa = PBXBuildFile; fileRef = 45CBF3E22A22E29D00ABE97E /* AppDelegate.swift */; };
		45CBF3E52A22E29D00ABE97E /* SceneDelegate.swift in Sources */ = {isa = PBXBuildFile; fileRef = 45CBF3E42A22E29D00ABE97E /* SceneDelegate.swift */; };
		45CBF3E72A22E29D00ABE97E /* MainTabBarViewController.swift in Sources */ = {isa = PBXBuildFile; fileRef = 45CBF3E62A22E29D00ABE97E /* MainTabBarViewController.swift */; };
		45CBF3EC2A22E29E00ABE97E /* Assets.xcassets in Resources */ = {isa = PBXBuildFile; fileRef = 45CBF3EB2A22E29E00ABE97E /* Assets.xcassets */; };
		45CBF3EF2A22E29E00ABE97E /* LaunchScreen.storyboard in Resources */ = {isa = PBXBuildFile; fileRef = 45CBF3ED2A22E29E00ABE97E /* LaunchScreen.storyboard */; };
		45CBF3F82A22E76F00ABE97E /* HomeViewController.swift in Sources */ = {isa = PBXBuildFile; fileRef = 45CBF3F72A22E76F00ABE97E /* HomeViewController.swift */; };
		45CBF3FA2A22E7F300ABE97E /* UpcomingViewController.swift in Sources */ = {isa = PBXBuildFile; fileRef = 45CBF3F92A22E7F300ABE97E /* UpcomingViewController.swift */; };
		45CBF3FC2A22E82C00ABE97E /* SearchViewController.swift in Sources */ = {isa = PBXBuildFile; fileRef = 45CBF3FB2A22E82C00ABE97E /* SearchViewController.swift */; };
		45CBF3FE2A22E87400ABE97E /* DownloadsViewController.swift in Sources */ = {isa = PBXBuildFile; fileRef = 45CBF3FD2A22E87400ABE97E /* DownloadsViewController.swift */; };
		45CBF4052A23D73300ABE97E /* CollectionViewTableViewCell.swift in Sources */ = {isa = PBXBuildFile; fileRef = 45CBF4042A23D73300ABE97E /* CollectionViewTableViewCell.swift */; };
		45CBF4072A25241300ABE97E /* HeroHeaderUIView.swift in Sources */ = {isa = PBXBuildFile; fileRef = 45CBF4062A25241300ABE97E /* HeroHeaderUIView.swift */; };
		45CBF4092A27CCDF00ABE97E /* APIManager.swift in Sources */ = {isa = PBXBuildFile; fileRef = 45CBF4082A27CCDF00ABE97E /* APIManager.swift */; };
		45CBF40B2A27D2BB00ABE97E /* Movie.swift in Sources */ = {isa = PBXBuildFile; fileRef = 45CBF40A2A27D2BB00ABE97E /* Movie.swift */; };
		45CBF40D2A2ABFD300ABE97E /* Extensions.swift in Sources */ = {isa = PBXBuildFile; fileRef = 45CBF40C2A2ABFD300ABE97E /* Extensions.swift */; };
/* End PBXBuildFile section */

/* Begin PBXFileReference section */
		45CBF3DF2A22E29D00ABE97E /* NetflixClone.app */ = {isa = PBXFileReference; explicitFileType = wrapper.application; includeInIndex = 0; path = NetflixClone.app; sourceTree = BUILT_PRODUCTS_DIR; };
		45CBF3E22A22E29D00ABE97E /* AppDelegate.swift */ = {isa = PBXFileReference; lastKnownFileType = sourcecode.swift; path = AppDelegate.swift; sourceTree = "<group>"; };
		45CBF3E42A22E29D00ABE97E /* SceneDelegate.swift */ = {isa = PBXFileReference; lastKnownFileType = sourcecode.swift; path = SceneDelegate.swift; sourceTree = "<group>"; };
		45CBF3E62A22E29D00ABE97E /* MainTabBarViewController.swift */ = {isa = PBXFileReference; lastKnownFileType = sourcecode.swift; path = MainTabBarViewController.swift; sourceTree = "<group>"; };
		45CBF3EB2A22E29E00ABE97E /* Assets.xcassets */ = {isa = PBXFileReference; lastKnownFileType = folder.assetcatalog; path = Assets.xcassets; sourceTree = "<group>"; };
		45CBF3EE2A22E29E00ABE97E /* Base */ = {isa = PBXFileReference; lastKnownFileType = file.storyboard; name = Base; path = Base.lproj/LaunchScreen.storyboard; sourceTree = "<group>"; };
		45CBF3F02A22E29E00ABE97E /* Info.plist */ = {isa = PBXFileReference; lastKnownFileType = text.plist.xml; path = Info.plist; sourceTree = "<group>"; };
		45CBF3F72A22E76F00ABE97E /* HomeViewController.swift */ = {isa = PBXFileReference; lastKnownFileType = sourcecode.swift; path = HomeViewController.swift; sourceTree = "<group>"; };
		45CBF3F92A22E7F300ABE97E /* UpcomingViewController.swift */ = {isa = PBXFileReference; lastKnownFileType = sourcecode.swift; path = UpcomingViewController.swift; sourceTree = "<group>"; };
		45CBF3FB2A22E82C00ABE97E /* SearchViewController.swift */ = {isa = PBXFileReference; lastKnownFileType = sourcecode.swift; path = SearchViewController.swift; sourceTree = "<group>"; };
		45CBF3FD2A22E87400ABE97E /* DownloadsViewController.swift */ = {isa = PBXFileReference; lastKnownFileType = sourcecode.swift; path = DownloadsViewController.swift; sourceTree = "<group>"; };
		45CBF4042A23D73300ABE97E /* CollectionViewTableViewCell.swift */ = {isa = PBXFileReference; lastKnownFileType = sourcecode.swift; path = CollectionViewTableViewCell.swift; sourceTree = "<group>"; };
		45CBF4062A25241300ABE97E /* HeroHeaderUIView.swift */ = {isa = PBXFileReference; lastKnownFileType = sourcecode.swift; path = HeroHeaderUIView.swift; sourceTree = "<group>"; };
		45CBF4082A27CCDF00ABE97E /* APIManager.swift */ = {isa = PBXFileReference; lastKnownFileType = sourcecode.swift; path = APIManager.swift; sourceTree = "<group>"; };
		45CBF40A2A27D2BB00ABE97E /* Movie.swift */ = {isa = PBXFileReference; lastKnownFileType = sourcecode.swift; path = Movie.swift; sourceTree = "<group>"; };
		45CBF40C2A2ABFD300ABE97E /* Extensions.swift */ = {isa = PBXFileReference; lastKnownFileType = sourcecode.swift; path = Extensions.swift; sourceTree = "<group>"; };
/* End PBXFileReference section */

/* Begin PBXFrameworksBuildPhase section */
		45CBF3DC2A22E29D00ABE97E /* Frameworks */ = {
			isa = PBXFrameworksBuildPhase;
			buildActionMask = 2147483647;
			files = (
			);
			runOnlyForDeploymentPostprocessing = 0;
		};
/* End PBXFrameworksBuildPhase section */

/* Begin PBXGroup section */
		45CBF3D62A22E29D00ABE97E = {
			isa = PBXGroup;
			children = (
				45CBF3E12A22E29D00ABE97E /* NetflixClone */,
				45CBF3E02A22E29D00ABE97E /* Products */,
			);
			sourceTree = "<group>";
		};
		45CBF3E02A22E29D00ABE97E /* Products */ = {
			isa = PBXGroup;
			children = (
				45CBF3DF2A22E29D00ABE97E /* NetflixClone.app */,
			);
			name = Products;
			sourceTree = "<group>";
		};
		45CBF3E12A22E29D00ABE97E /* NetflixClone */ = {
			isa = PBXGroup;
			children = (
				45CBF4012A22F12A00ABE97E /* Models */,
				45CBF4002A22F12600ABE97E /* Views */,
				45CBF3FF2A22F12100ABE97E /* ViewModels */,
				45CBF3F62A22E75600ABE97E /* Controllers */,
				45CBF4022A23D6B300ABE97E /* Resources */,
				45CBF4032A23D6BB00ABE97E /* Managers */,
				45CBF3E22A22E29D00ABE97E /* AppDelegate.swift */,
				45CBF3E42A22E29D00ABE97E /* SceneDelegate.swift */,
				45CBF3E62A22E29D00ABE97E /* MainTabBarViewController.swift */,
				45CBF3EB2A22E29E00ABE97E /* Assets.xcassets */,
				45CBF3ED2A22E29E00ABE97E /* LaunchScreen.storyboard */,
				45CBF3F02A22E29E00ABE97E /* Info.plist */,
			);
			path = NetflixClone;
			sourceTree = "<group>";
		};
		45CBF3F62A22E75600ABE97E /* Controllers */ = {
			isa = PBXGroup;
			children = (
				45CBF3F72A22E76F00ABE97E /* HomeViewController.swift */,
				45CBF3F92A22E7F300ABE97E /* UpcomingViewController.swift */,
				45CBF3FB2A22E82C00ABE97E /* SearchViewController.swift */,
				45CBF3FD2A22E87400ABE97E /* DownloadsViewController.swift */,
			);
			path = Controllers;
			sourceTree = "<group>";
		};
		45CBF3FF2A22F12100ABE97E /* ViewModels */ = {
			isa = PBXGroup;
			children = (
			);
			path = ViewModels;
			sourceTree = "<group>";
		};
		45CBF4002A22F12600ABE97E /* Views */ = {
			isa = PBXGroup;
			children = (
				45CBF4042A23D73300ABE97E /* CollectionViewTableViewCell.swift */,
				45CBF4062A25241300ABE97E /* HeroHeaderUIView.swift */,
			);
			path = Views;
			sourceTree = "<group>";
		};
		45CBF4012A22F12A00ABE97E /* Models */ = {
			isa = PBXGroup;
			children = (
				45CBF40A2A27D2BB00ABE97E /* Movie.swift */,
			);
			path = Models;
			sourceTree = "<group>";
		};
		45CBF4022A23D6B300ABE97E /* Resources */ = {
			isa = PBXGroup;
			children = (
				45CBF40C2A2ABFD300ABE97E /* Extensions.swift */,
			);
			path = Resources;
			sourceTree = "<group>";
		};
		45CBF4032A23D6BB00ABE97E /* Managers */ = {
			isa = PBXGroup;
			children = (
				45CBF4082A27CCDF00ABE97E /* APIManager.swift */,
			);
			path = Managers;
			sourceTree = "<group>";
		};
/* End PBXGroup section */

/* Begin PBXNativeTarget section */
		45CBF3DE2A22E29D00ABE97E /* NetflixClone */ = {
			isa = PBXNativeTarget;
			buildConfigurationList = 45CBF3F32A22E29E00ABE97E /* Build configuration list for PBXNativeTarget "NetflixClone" */;
			buildPhases = (
				45CBF3DB2A22E29D00ABE97E /* Sources */,
				45CBF3DC2A22E29D00ABE97E /* Frameworks */,
				45CBF3DD2A22E29D00ABE97E /* Resources */,
			);
			buildRules = (
			);
			dependencies = (
			);
			name = NetflixClone;
			productName = NetflixClone;
			productReference = 45CBF3DF2A22E29D00ABE97E /* NetflixClone.app */;
			productType = "com.apple.product-type.application";
		};
/* End PBXNativeTarget section */

/* Begin PBXProject section */
		45CBF3D72A22E29D00ABE97E /* Project object */ = {
			isa = PBXProject;
			attributes = {
				BuildIndependentTargetsInParallel = 1;
				LastSwiftUpdateCheck = 1420;
				LastUpgradeCheck = 1420;
				TargetAttributes = {
					45CBF3DE2A22E29D00ABE97E = {
						CreatedOnToolsVersion = 14.2;
					};
				};
			};
			buildConfigurationList = 45CBF3DA2A22E29D00ABE97E /* Build configuration list for PBXProject "NetflixClone" */;
			compatibilityVersion = "Xcode 14.0";
			developmentRegion = en;
			hasScannedForEncodings = 0;
			knownRegions = (
				en,
				Base,
			);
			mainGroup = 45CBF3D62A22E29D00ABE97E;
			productRefGroup = 45CBF3E02A22E29D00ABE97E /* Products */;
			projectDirPath = "";
			projectRoot = "";
			targets = (
				45CBF3DE2A22E29D00ABE97E /* NetflixClone */,
			);
		};
/* End PBXProject section */

/* Begin PBXResourcesBuildPhase section */
		45CBF3DD2A22E29D00ABE97E /* Resources */ = {
			isa = PBXResourcesBuildPhase;
			buildActionMask = 2147483647;
			files = (
				45CBF3EF2A22E29E00ABE97E /* LaunchScreen.storyboard in Resources */,
				45CBF3EC2A22E29E00ABE97E /* Assets.xcassets in Resources */,
			);
			runOnlyForDeploymentPostprocessing = 0;
		};
/* End PBXResourcesBuildPhase section */

/* Begin PBXSourcesBuildPhase section */
		45CBF3DB2A22E29D00ABE97E /* Sources */ = {
			isa = PBXSourcesBuildPhase;
			buildActionMask = 2147483647;
			files = (
				45CBF3FC2A22E82C00ABE97E /* SearchViewController.swift in Sources */,
				45CBF3E72A22E29D00ABE97E /* MainTabBarViewController.swift in Sources */,
				45CBF4092A27CCDF00ABE97E /* APIManager.swift in Sources */,
				45CBF4052A23D73300ABE97E /* CollectionViewTableViewCell.swift in Sources */,
				45CBF4072A25241300ABE97E /* HeroHeaderUIView.swift in Sources */,
				45CBF3FE2A22E87400ABE97E /* DownloadsViewController.swift in Sources */,
				45CBF3E32A22E29D00ABE97E /* AppDelegate.swift in Sources */,
				45CBF40D2A2ABFD300ABE97E /* Extensions.swift in Sources */,
				45CBF3E52A22E29D00ABE97E /* SceneDelegate.swift in Sources */,
				45CBF3FA2A22E7F300ABE97E /* UpcomingViewController.swift in Sources */,
				45CBF40B2A27D2BB00ABE97E /* Movie.swift in Sources */,
				45CBF3F82A22E76F00ABE97E /* HomeViewController.swift in Sources */,
			);
			runOnlyForDeploymentPostprocessing = 0;
		};
/* End PBXSourcesBuildPhase section */

/* Begin PBXVariantGroup section */
		45CBF3ED2A22E29E00ABE97E /* LaunchScreen.storyboard */ = {
			isa = PBXVariantGroup;
			children = (
				45CBF3EE2A22E29E00ABE97E /* Base */,
			);
			name = LaunchScreen.storyboard;
			sourceTree = "<group>";
		};
/* End PBXVariantGroup section */

/* Begin XCBuildConfiguration section */
		45CBF3F12A22E29E00ABE97E /* Debug */ = {
			isa = XCBuildConfiguration;
			buildSettings = {
				ALWAYS_SEARCH_USER_PATHS = NO;
				CLANG_ANALYZER_NONNULL = YES;
				CLANG_ANALYZER_NUMBER_OBJECT_CONVERSION = YES_AGGRESSIVE;
				CLANG_CXX_LANGUAGE_STANDARD = "gnu++20";
				CLANG_ENABLE_MODULES = YES;
				CLANG_ENABLE_OBJC_ARC = YES;
				CLANG_ENABLE_OBJC_WEAK = YES;
				CLANG_WARN_BLOCK_CAPTURE_AUTORELEASING = YES;
				CLANG_WARN_BOOL_CONVERSION = YES;
				CLANG_WARN_COMMA = YES;
				CLANG_WARN_CONSTANT_CONVERSION = YES;
				CLANG_WARN_DEPRECATED_OBJC_IMPLEMENTATIONS = YES;
				CLANG_WARN_DIRECT_OBJC_ISA_USAGE = YES_ERROR;
				CLANG_WARN_DOCUMENTATION_COMMENTS = YES;
				CLANG_WARN_EMPTY_BODY = YES;
				CLANG_WARN_ENUM_CONVERSION = YES;
				CLANG_WARN_INFINITE_RECURSION = YES;
				CLANG_WARN_INT_CONVERSION = YES;
				CLANG_WARN_NON_LITERAL_NULL_CONVERSION = YES;
				CLANG_WARN_OBJC_IMPLICIT_RETAIN_SELF = YES;
				CLANG_WARN_OBJC_LITERAL_CONVERSION = YES;
				CLANG_WARN_OBJC_ROOT_CLASS = YES_ERROR;
				CLANG_WARN_QUOTED_INCLUDE_IN_FRAMEWORK_HEADER = YES;
				CLANG_WARN_RANGE_LOOP_ANALYSIS = YES;
				CLANG_WARN_STRICT_PROTOTYPES = YES;
				CLANG_WARN_SUSPICIOUS_MOVE = YES;
				CLANG_WARN_UNGUARDED_AVAILABILITY = YES_AGGRESSIVE;
				CLANG_WARN_UNREACHABLE_CODE = YES;
				CLANG_WARN__DUPLICATE_METHOD_MATCH = YES;
				COPY_PHASE_STRIP = NO;
				DEBUG_INFORMATION_FORMAT = dwarf;
				ENABLE_STRICT_OBJC_MSGSEND = YES;
				ENABLE_TESTABILITY = YES;
				GCC_C_LANGUAGE_STANDARD = gnu11;
				GCC_DYNAMIC_NO_PIC = NO;
				GCC_NO_COMMON_BLOCKS = YES;
				GCC_OPTIMIZATION_LEVEL = 0;
				GCC_PREPROCESSOR_DEFINITIONS = (
					"DEBUG=1",
					"$(inherited)",
				);
				GCC_WARN_64_TO_32_BIT_CONVERSION = YES;
				GCC_WARN_ABOUT_RETURN_TYPE = YES_ERROR;
				GCC_WARN_UNDECLARED_SELECTOR = YES;
				GCC_WARN_UNINITIALIZED_AUTOS = YES_AGGRESSIVE;
				GCC_WARN_UNUSED_FUNCTION = YES;
				GCC_WARN_UNUSED_VARIABLE = YES;
				IPHONEOS_DEPLOYMENT_TARGET = 16.2;
				MTL_ENABLE_DEBUG_INFO = INCLUDE_SOURCE;
				MTL_FAST_MATH = YES;
				ONLY_ACTIVE_ARCH = YES;
				SDKROOT = iphoneos;
				SWIFT_ACTIVE_COMPILATION_CONDITIONS = DEBUG;
				SWIFT_OPTIMIZATION_LEVEL = "-Onone";
			};
			name = Debug;
		};
		45CBF3F22A22E29E00ABE97E /* Release */ = {
			isa = XCBuildConfiguration;
			buildSettings = {
				ALWAYS_SEARCH_USER_PATHS = NO;
				CLANG_ANALYZER_NONNULL = YES;
				CLANG_ANALYZER_NUMBER_OBJECT_CONVERSION = YES_AGGRESSIVE;
				CLANG_CXX_LANGUAGE_STANDARD = "gnu++20";
				CLANG_ENABLE_MODULES = YES;
				CLANG_ENABLE_OBJC_ARC = YES;
				CLANG_ENABLE_OBJC_WEAK = YES;
				CLANG_WARN_BLOCK_CAPTURE_AUTORELEASING = YES;
				CLANG_WARN_BOOL_CONVERSION = YES;
				CLANG_WARN_COMMA = YES;
				CLANG_WARN_CONSTANT_CONVERSION = YES;
				CLANG_WARN_DEPRECATED_OBJC_IMPLEMENTATIONS = YES;
				CLANG_WARN_DIRECT_OBJC_ISA_USAGE = YES_ERROR;
				CLANG_WARN_DOCUMENTATION_COMMENTS = YES;
				CLANG_WARN_EMPTY_BODY = YES;
				CLANG_WARN_ENUM_CONVERSION = YES;
				CLANG_WARN_INFINITE_RECURSION = YES;
				CLANG_WARN_INT_CONVERSION = YES;
				CLANG_WARN_NON_LITERAL_NULL_CONVERSION = YES;
				CLANG_WARN_OBJC_IMPLICIT_RETAIN_SELF = YES;
				CLANG_WARN_OBJC_LITERAL_CONVERSION = YES;
				CLANG_WARN_OBJC_ROOT_CLASS = YES_ERROR;
				CLANG_WARN_QUOTED_INCLUDE_IN_FRAMEWORK_HEADER = YES;
				CLANG_WARN_RANGE_LOOP_ANALYSIS = YES;
				CLANG_WARN_STRICT_PROTOTYPES = YES;
				CLANG_WARN_SUSPICIOUS_MOVE = YES;
				CLANG_WARN_UNGUARDED_AVAILABILITY = YES_AGGRESSIVE;
				CLANG_WARN_UNREACHABLE_CODE = YES;
				CLANG_WARN__DUPLICATE_METHOD_MATCH = YES;
				COPY_PHASE_STRIP = NO;
				DEBUG_INFORMATION_FORMAT = "dwarf-with-dsym";
				ENABLE_NS_ASSERTIONS = NO;
				ENABLE_STRICT_OBJC_MSGSEND = YES;
				GCC_C_LANGUAGE_STANDARD = gnu11;
				GCC_NO_COMMON_BLOCKS = YES;
				GCC_WARN_64_TO_32_BIT_CONVERSION = YES;
				GCC_WARN_ABOUT_RETURN_TYPE = YES_ERROR;
				GCC_WARN_UNDECLARED_SELECTOR = YES;
				GCC_WARN_UNINITIALIZED_AUTOS = YES_AGGRESSIVE;
				GCC_WARN_UNUSED_FUNCTION = YES;
				GCC_WARN_UNUSED_VARIABLE = YES;
				IPHONEOS_DEPLOYMENT_TARGET = 16.2;
				MTL_ENABLE_DEBUG_INFO = NO;
				MTL_FAST_MATH = YES;
				SDKROOT = iphoneos;
				SWIFT_COMPILATION_MODE = wholemodule;
				SWIFT_OPTIMIZATION_LEVEL = "-O";
				VALIDATE_PRODUCT = YES;
			};
			name = Release;
		};
		45CBF3F42A22E29E00ABE97E /* Debug */ = {
			isa = XCBuildConfiguration;
			buildSettings = {
				ASSETCATALOG_COMPILER_APPICON_NAME = AppIcon;
				ASSETCATALOG_COMPILER_GLOBAL_ACCENT_COLOR_NAME = AccentColor;
				CODE_SIGN_STYLE = Automatic;
				CURRENT_PROJECT_VERSION = 1;
				DEVELOPMENT_TEAM = N4Z5HWTY32;
				GENERATE_INFOPLIST_FILE = YES;
				INFOPLIST_FILE = NetflixClone/Info.plist;
				INFOPLIST_KEY_UIApplicationSupportsIndirectInputEvents = YES;
				INFOPLIST_KEY_UILaunchStoryboardName = LaunchScreen;
				INFOPLIST_KEY_UISupportedInterfaceOrientations_iPad = "UIInterfaceOrientationPortrait UIInterfaceOrientationPortraitUpsideDown UIInterfaceOrientationLandscapeLeft UIInterfaceOrientationLandscapeRight";
				INFOPLIST_KEY_UISupportedInterfaceOrientations_iPhone = "UIInterfaceOrientationPortrait UIInterfaceOrientationLandscapeLeft UIInterfaceOrientationLandscapeRight";
				LD_RUNPATH_SEARCH_PATHS = (
					"$(inherited)",
					"@executable_path/Frameworks",
				);
				MARKETING_VERSION = 1.0;
				PRODUCT_BUNDLE_IDENTIFIER = com.oasjs.NetflixClone;
				PRODUCT_NAME = "$(TARGET_NAME)";
				SWIFT_EMIT_LOC_STRINGS = YES;
				SWIFT_VERSION = 5.0;
				TARGETED_DEVICE_FAMILY = "1,2";
			};
			name = Debug;
		};
		45CBF3F52A22E29E00ABE97E /* Release */ = {
			isa = XCBuildConfiguration;
			buildSettings = {
				ASSETCATALOG_COMPILER_APPICON_NAME = AppIcon;
				ASSETCATALOG_COMPILER_GLOBAL_ACCENT_COLOR_NAME = AccentColor;
				CODE_SIGN_STYLE = Automatic;
				CURRENT_PROJECT_VERSION = 1;
				DEVELOPMENT_TEAM = N4Z5HWTY32;
				GENERATE_INFOPLIST_FILE = YES;
				INFOPLIST_FILE = NetflixClone/Info.plist;
				INFOPLIST_KEY_UIApplicationSupportsIndirectInputEvents = YES;
				INFOPLIST_KEY_UILaunchStoryboardName = LaunchScreen;
				INFOPLIST_KEY_UISupportedInterfaceOrientations_iPad = "UIInterfaceOrientationPortrait UIInterfaceOrientationPortraitUpsideDown UIInterfaceOrientationLandscapeLeft UIInterfaceOrientationLandscapeRight";
				INFOPLIST_KEY_UISupportedInterfaceOrientations_iPhone = "UIInterfaceOrientationPortrait UIInterfaceOrientationLandscapeLeft UIInterfaceOrientationLandscapeRight";
				LD_RUNPATH_SEARCH_PATHS = (
					"$(inherited)",
					"@executable_path/Frameworks",
				);
				MARKETING_VERSION = 1.0;
				PRODUCT_BUNDLE_IDENTIFIER = com.oasjs.NetflixClone;
				PRODUCT_NAME = "$(TARGET_NAME)";
				SWIFT_EMIT_LOC_STRINGS = YES;
				SWIFT_VERSION = 5.0;
				TARGETED_DEVICE_FAMILY = "1,2";
			};
			name = Release;
		};
/* End XCBuildConfiguration section */

/* Begin XCConfigurationList section */
		45CBF3DA2A22E29D00ABE97E /* Build configuration list for PBXProject "NetflixClone" */ = {
			isa = XCConfigurationList;
			buildConfigurations = (
				45CBF3F12A22E29E00ABE97E /* Debug */,
				45CBF3F22A22E29E00ABE97E /* Release */,
			);
			defaultConfigurationIsVisible = 0;
			defaultConfigurationName = Release;
		};
		45CBF3F32A22E29E00ABE97E /* Build configuration list for PBXNativeTarget "NetflixClone" */ = {
			isa = XCConfigurationList;
			buildConfigurations = (
				45CBF3F42A22E29E00ABE97E /* Debug */,
				45CBF3F52A22E29E00ABE97E /* Release */,
			);
			defaultConfigurationIsVisible = 0;
			defaultConfigurationName = Release;
		};
/* End XCConfigurationList section */
	};
	rootObject = 45CBF3D72A22E29D00ABE97E /* Project object */;
}
